
Microsoft Visual Studio Solution File, Format Version 12.00
# Visual Studio Version 17
VisualStudioVersion = 17.4.33122.133
MinimumVisualStudioVersion = 10.0.40219.1
Project("{FAE04EC0-301F-11D3-BF4B-00C04F79EFBC}") = "SuperHero-API", "SuperHero-API\SuperHero-API.csproj", "{984FB128-A436-471A-8B67-4190C4E4850C}"
EndProject
Global
	GlobalSection(SolutionConfigurationPlatforms) = preSolution
		Debug|Any CPU = Debug|Any CPU
		Release|Any CPU = Release|Any CPU
	EndGlobalSection
	GlobalSection(ProjectConfigurationPlatforms) = postSolution
		{984FB128-A436-471A-8B67-4190C4E4850C}.Debug|Any CPU.ActiveCfg = Debug|Any CPU
		{984FB128-A436-471A-8B67-4190C4E4850C}.Debug|Any CPU.Build.0 = Debug|Any CPU
		{984FB128-A436-471A-8B67-4190C4E4850C}.Release|Any CPU.ActiveCfg = Release|Any CPU
		{984FB128-A436-471A-8B67-4190C4E4850C}.Release|Any CPU.Build.0 = Release|Any CPU
	EndGlobalSection
	GlobalSection(SolutionProperties) = preSolution
		HideSolutionNode = FALSE
	EndGlobalSection
	GlobalSection(ExtensibilityGlobals) = postSolution
		SolutionGuid = {460CD67A-F23B-452A-99C9-5A0C19248514}
	EndGlobalSection
EndGlobal
